
Microsoft Visual Studio Solution File, Format Version 12.00
# Visual Studio 15
VisualStudioVersion = 15.0.28010.2046
MinimumVisualStudioVersion = 10.0.40219.1
Project("{FAE04EC0-301F-11D3-BF4B-00C04F79EFBC}") = "CalanderReasoningWindowApp", "CalanderReasoningWindowApp\CalanderReasoningWindowApp.csproj", "{63D3B921-4CAE-4FC6-951F-D822880E8EE6}"
EndProject
Global
	GlobalSection(SolutionConfigurationPlatforms) = preSolution
		Debug|Any CPU = Debug|Any CPU
		Release|Any CPU = Release|Any CPU
	EndGlobalSection
	GlobalSection(ProjectConfigurationPlatforms) = postSolution
		{63D3B921-4CAE-4FC6-951F-D822880E8EE6}.Debug|Any CPU.ActiveCfg = Debug|Any CPU
		{63D3B921-4CAE-4FC6-951F-D822880E8EE6}.Debug|Any CPU.Build.0 = Debug|Any CPU
		{63D3B921-4CAE-4FC6-951F-D822880E8EE6}.Release|Any CPU.ActiveCfg = Release|Any CPU
		{63D3B921-4CAE-4FC6-951F-D822880E8EE6}.Release|Any CPU.Build.0 = Release|Any CPU
	EndGlobalSection
	GlobalSection(SolutionProperties) = preSolution
		HideSolutionNode = FALSE
	EndGlobalSection
	GlobalSection(ExtensibilityGlobals) = postSolution
		SolutionGuid = {0B8D873B-E589-41AC-9D1E-B0FC1C6065F0}
	EndGlobalSection
EndGlobal
